// !$*UTF8*$!
{
	archiveVersion = 1;
	classes = {
	};
	objectVersion = 46;
	objects = {

/* Begin PBXBuildFile section */
		ED0078FA1C07E99D00B87D99 /* test.m in Sources */ = {isa = PBXBuildFile; fileRef = ED0078F91C07E99D00B87D99 /* test.m */; };
		ED0079481C0D976D00B87D99 /* SimpleFileHandle.m in Sources */ = {isa = PBXBuildFile; fileRef = ED0079471C0D976D00B87D99 /* SimpleFileHandle.m */; };
		ED00794B1C0D9FE200B87D99 /* FH.m in Sources */ = {isa = PBXBuildFile; fileRef = ED00794A1C0D9FE200B87D99 /* FH.m */; };
<<<<<<< HEAD
=======
		ED0079591C0EF08900B87D99 /* SimpleClientSocket.m in Sources */ = {isa = PBXBuildFile; fileRef = ED0079561C0EF08900B87D99 /* SimpleClientSocket.m */; };
		ED00795A1C0EF08900B87D99 /* SimpleServerSocket.m in Sources */ = {isa = PBXBuildFile; fileRef = ED0079581C0EF08900B87D99 /* SimpleServerSocket.m */; };
>>>>>>> 93111ae4fd540c7e13021592a0586d930243a041
		ED00795D1C0FE81800B87D99 /* SimpleHttpRequest.m in Sources */ = {isa = PBXBuildFile; fileRef = ED00795C1C0FE81800B87D99 /* SimpleHttpRequest.m */; };
		ED0079771C11314E00B87D99 /* mmap_test.c in Sources */ = {isa = PBXBuildFile; fileRef = ED0079751C11314E00B87D99 /* mmap_test.c */; };
		ED0079801C151BB000B87D99 /* ZHash.c in Sources */ = {isa = PBXBuildFile; fileRef = ED00797E1C151BB000B87D99 /* ZHash.c */; };
		ED0079831C1522E600B87D99 /* ZTime.c in Sources */ = {isa = PBXBuildFile; fileRef = ED0079811C1522E600B87D99 /* ZTime.c */; };
		ED0079861C15266700B87D99 /* ZDict.c in Sources */ = {isa = PBXBuildFile; fileRef = ED0079841C15266700B87D99 /* ZDict.c */; };
		ED0079891C15292D00B87D99 /* ZJson.c in Sources */ = {isa = PBXBuildFile; fileRef = ED0079871C15292D00B87D99 /* ZJson.c */; };
		ED00798C1C167DE000B87D99 /* CString.c in Sources */ = {isa = PBXBuildFile; fileRef = ED00798A1C167DE000B87D99 /* CString.c */; };
		ED00799B1C1819E400B87D99 /* ZHttpServer.c in Sources */ = {isa = PBXBuildFile; fileRef = ED0079991C1819E400B87D99 /* ZHttpServer.c */; };
		ED00799E1C18280A00B87D99 /* ZThread.c in Sources */ = {isa = PBXBuildFile; fileRef = ED00799C1C18280A00B87D99 /* ZThread.c */; };
		ED0079A71C1AA66500B87D99 /* hashmap.c in Sources */ = {isa = PBXBuildFile; fileRef = ED0079A51C1AA66500B87D99 /* hashmap.c */; };
		ED4AA21E1BA918050067350F /* main.m in Sources */ = {isa = PBXBuildFile; fileRef = ED4AA21D1BA918050067350F /* main.m */; };
		ED4AA2261BA918670067350F /* Baby.m in Sources */ = {isa = PBXBuildFile; fileRef = ED4AA2251BA918670067350F /* Baby.m */; };
		ED4AA2291BA918B10067350F /* BabyBaomuXieyi.m in Sources */ = {isa = PBXBuildFile; fileRef = ED4AA2281BA918B10067350F /* BabyBaomuXieyi.m */; };
		ED4AA22C1BA918C90067350F /* Nurse.m in Sources */ = {isa = PBXBuildFile; fileRef = ED4AA22B1BA918C90067350F /* Nurse.m */; };
		ED4AA22F1BA918E70067350F /* Dog.m in Sources */ = {isa = PBXBuildFile; fileRef = ED4AA22E1BA918E70067350F /* Dog.m */; };
		ED8C29551C04466F00778A08 /* Record.m in Sources */ = {isa = PBXBuildFile; fileRef = ED8C29541C04466F00778A08 /* Record.m */; };
		ED8C29581C0446F200778A08 /* Groups.m in Sources */ = {isa = PBXBuildFile; fileRef = ED8C29571C0446F200778A08 /* Groups.m */; };
		ED8C295B1C044F7300778A08 /* DBData.m in Sources */ = {isa = PBXBuildFile; fileRef = ED8C295A1C044F7300778A08 /* DBData.m */; };
		EDB95CCD1C06DF1A00B80FB5 /* IDMap.m in Sources */ = {isa = PBXBuildFile; fileRef = EDB95CCC1C06DF1A00B80FB5 /* IDMap.m */; };
<<<<<<< HEAD
		EDD1F5101C1D035800332237 /* ZArray.c in Sources */ = {isa = PBXBuildFile; fileRef = EDD1F50E1C1D035800332237 /* ZArray.c */; };
		EDD214D81C1BBC3F00F82F52 /* ZMap.c in Sources */ = {isa = PBXBuildFile; fileRef = EDD214D61C1BBC3F00F82F52 /* ZMap.c */; };
=======
>>>>>>> 93111ae4fd540c7e13021592a0586d930243a041
/* End PBXBuildFile section */

/* Begin PBXCopyFilesBuildPhase section */
		ED4AA2181BA918050067350F /* CopyFiles */ = {
			isa = PBXCopyFilesBuildPhase;
			buildActionMask = 2147483647;
			dstPath = /usr/share/man/man1/;
			dstSubfolderSpec = 0;
			files = (
			);
			runOnlyForDeploymentPostprocessing = 1;
		};
/* End PBXCopyFilesBuildPhase section */

/* Begin PBXFileReference section */
		ED0078F81C07E99D00B87D99 /* test.h */ = {isa = PBXFileReference; fileEncoding = 4; lastKnownFileType = sourcecode.c.h; path = test.h; sourceTree = "<group>"; };
		ED0078F91C07E99D00B87D99 /* test.m */ = {isa = PBXFileReference; fileEncoding = 4; lastKnownFileType = sourcecode.c.objc; path = test.m; sourceTree = "<group>"; };
		ED0079461C0D976D00B87D99 /* SimpleFileHandle.h */ = {isa = PBXFileReference; fileEncoding = 4; lastKnownFileType = sourcecode.c.h; path = SimpleFileHandle.h; sourceTree = "<group>"; };
		ED0079471C0D976D00B87D99 /* SimpleFileHandle.m */ = {isa = PBXFileReference; fileEncoding = 4; lastKnownFileType = sourcecode.c.objc; path = SimpleFileHandle.m; sourceTree = "<group>"; };
		ED0079491C0D9FE200B87D99 /* FH.h */ = {isa = PBXFileReference; fileEncoding = 4; lastKnownFileType = sourcecode.c.h; path = FH.h; sourceTree = "<group>"; };
		ED00794A1C0D9FE200B87D99 /* FH.m */ = {isa = PBXFileReference; fileEncoding = 4; lastKnownFileType = sourcecode.c.objc; path = FH.m; sourceTree = "<group>"; };
<<<<<<< HEAD
=======
		ED0079551C0EF08900B87D99 /* SimpleClientSocket.h */ = {isa = PBXFileReference; fileEncoding = 4; lastKnownFileType = sourcecode.c.h; name = SimpleClientSocket.h; path = ../../../app_demo/app_demo/SimpleClientSocket.h; sourceTree = "<group>"; };
		ED0079561C0EF08900B87D99 /* SimpleClientSocket.m */ = {isa = PBXFileReference; fileEncoding = 4; lastKnownFileType = sourcecode.c.objc; name = SimpleClientSocket.m; path = ../../../app_demo/app_demo/SimpleClientSocket.m; sourceTree = "<group>"; };
		ED0079571C0EF08900B87D99 /* SimpleServerSocket.h */ = {isa = PBXFileReference; fileEncoding = 4; lastKnownFileType = sourcecode.c.h; name = SimpleServerSocket.h; path = ../../../app_demo/app_demo/SimpleServerSocket.h; sourceTree = "<group>"; };
		ED0079581C0EF08900B87D99 /* SimpleServerSocket.m */ = {isa = PBXFileReference; fileEncoding = 4; lastKnownFileType = sourcecode.c.objc; name = SimpleServerSocket.m; path = ../../../app_demo/app_demo/SimpleServerSocket.m; sourceTree = "<group>"; };
>>>>>>> 93111ae4fd540c7e13021592a0586d930243a041
		ED00795B1C0FE81800B87D99 /* SimpleHttpRequest.h */ = {isa = PBXFileReference; fileEncoding = 4; lastKnownFileType = sourcecode.c.h; path = SimpleHttpRequest.h; sourceTree = "<group>"; };
		ED00795C1C0FE81800B87D99 /* SimpleHttpRequest.m */ = {isa = PBXFileReference; fileEncoding = 4; lastKnownFileType = sourcecode.c.objc; path = SimpleHttpRequest.m; sourceTree = "<group>"; };
		ED0079751C11314E00B87D99 /* mmap_test.c */ = {isa = PBXFileReference; fileEncoding = 4; lastKnownFileType = sourcecode.c.c; path = mmap_test.c; sourceTree = "<group>"; };
		ED0079761C11314E00B87D99 /* mmap_test.h */ = {isa = PBXFileReference; fileEncoding = 4; lastKnownFileType = sourcecode.c.h; path = mmap_test.h; sourceTree = "<group>"; };
		ED00797E1C151BB000B87D99 /* ZHash.c */ = {isa = PBXFileReference; fileEncoding = 4; lastKnownFileType = sourcecode.c.c; path = ZHash.c; sourceTree = "<group>"; };
		ED00797F1C151BB000B87D99 /* ZHash.h */ = {isa = PBXFileReference; fileEncoding = 4; lastKnownFileType = sourcecode.c.h; path = ZHash.h; sourceTree = "<group>"; };
		ED0079811C1522E600B87D99 /* ZTime.c */ = {isa = PBXFileReference; fileEncoding = 4; lastKnownFileType = sourcecode.c.c; path = ZTime.c; sourceTree = "<group>"; };
		ED0079821C1522E600B87D99 /* ZTime.h */ = {isa = PBXFileReference; fileEncoding = 4; lastKnownFileType = sourcecode.c.h; path = ZTime.h; sourceTree = "<group>"; };
		ED0079841C15266700B87D99 /* ZDict.c */ = {isa = PBXFileReference; fileEncoding = 4; lastKnownFileType = sourcecode.c.c; path = ZDict.c; sourceTree = "<group>"; };
		ED0079851C15266700B87D99 /* ZDict.h */ = {isa = PBXFileReference; fileEncoding = 4; lastKnownFileType = sourcecode.c.h; path = ZDict.h; sourceTree = "<group>"; };
		ED0079871C15292D00B87D99 /* ZJson.c */ = {isa = PBXFileReference; fileEncoding = 4; lastKnownFileType = sourcecode.c.c; path = ZJson.c; sourceTree = "<group>"; };
		ED0079881C15292D00B87D99 /* ZJson.h */ = {isa = PBXFileReference; fileEncoding = 4; lastKnownFileType = sourcecode.c.h; path = ZJson.h; sourceTree = "<group>"; };
		ED00798A1C167DE000B87D99 /* CString.c */ = {isa = PBXFileReference; fileEncoding = 4; lastKnownFileType = sourcecode.c.c; path = CString.c; sourceTree = "<group>"; };
		ED00798B1C167DE000B87D99 /* CString.h */ = {isa = PBXFileReference; fileEncoding = 4; lastKnownFileType = sourcecode.c.h; path = CString.h; sourceTree = "<group>"; };
		ED0079991C1819E400B87D99 /* ZHttpServer.c */ = {isa = PBXFileReference; fileEncoding = 4; lastKnownFileType = sourcecode.c.c; path = ZHttpServer.c; sourceTree = "<group>"; };
		ED00799A1C1819E400B87D99 /* ZHttpServer.h */ = {isa = PBXFileReference; fileEncoding = 4; lastKnownFileType = sourcecode.c.h; path = ZHttpServer.h; sourceTree = "<group>"; };
		ED00799C1C18280A00B87D99 /* ZThread.c */ = {isa = PBXFileReference; fileEncoding = 4; lastKnownFileType = sourcecode.c.c; path = ZThread.c; sourceTree = "<group>"; };
		ED00799D1C18280A00B87D99 /* ZThread.h */ = {isa = PBXFileReference; fileEncoding = 4; lastKnownFileType = sourcecode.c.h; path = ZThread.h; sourceTree = "<group>"; };
		ED0079A51C1AA66500B87D99 /* hashmap.c */ = {isa = PBXFileReference; fileEncoding = 4; lastKnownFileType = sourcecode.c.c; path = hashmap.c; sourceTree = "<group>"; };
		ED0079A61C1AA66500B87D99 /* hashmap.h */ = {isa = PBXFileReference; fileEncoding = 4; lastKnownFileType = sourcecode.c.h; path = hashmap.h; sourceTree = "<group>"; };
		ED4AA21A1BA918050067350F /* oc_demo */ = {isa = PBXFileReference; explicitFileType = "compiled.mach-o.executable"; includeInIndex = 0; path = oc_demo; sourceTree = BUILT_PRODUCTS_DIR; };
		ED4AA21D1BA918050067350F /* main.m */ = {isa = PBXFileReference; lastKnownFileType = sourcecode.c.objc; path = main.m; sourceTree = "<group>"; };
		ED4AA2241BA918670067350F /* Baby.h */ = {isa = PBXFileReference; fileEncoding = 4; lastKnownFileType = sourcecode.c.h; path = Baby.h; sourceTree = "<group>"; };
		ED4AA2251BA918670067350F /* Baby.m */ = {isa = PBXFileReference; fileEncoding = 4; lastKnownFileType = sourcecode.c.objc; path = Baby.m; sourceTree = "<group>"; };
		ED4AA2271BA918B10067350F /* BabyBaomuXieyi.h */ = {isa = PBXFileReference; fileEncoding = 4; lastKnownFileType = sourcecode.c.h; path = BabyBaomuXieyi.h; sourceTree = "<group>"; };
		ED4AA2281BA918B10067350F /* BabyBaomuXieyi.m */ = {isa = PBXFileReference; fileEncoding = 4; lastKnownFileType = sourcecode.c.objc; path = BabyBaomuXieyi.m; sourceTree = "<group>"; };
		ED4AA22A1BA918C90067350F /* Nurse.h */ = {isa = PBXFileReference; fileEncoding = 4; lastKnownFileType = sourcecode.c.h; path = Nurse.h; sourceTree = "<group>"; };
		ED4AA22B1BA918C90067350F /* Nurse.m */ = {isa = PBXFileReference; fileEncoding = 4; lastKnownFileType = sourcecode.c.objc; path = Nurse.m; sourceTree = "<group>"; };
		ED4AA22D1BA918E70067350F /* Dog.h */ = {isa = PBXFileReference; fileEncoding = 4; lastKnownFileType = sourcecode.c.h; path = Dog.h; sourceTree = "<group>"; };
		ED4AA22E1BA918E70067350F /* Dog.m */ = {isa = PBXFileReference; fileEncoding = 4; lastKnownFileType = sourcecode.c.objc; path = Dog.m; sourceTree = "<group>"; };
		ED8C29531C04466F00778A08 /* Record.h */ = {isa = PBXFileReference; fileEncoding = 4; lastKnownFileType = sourcecode.c.h; path = Record.h; sourceTree = "<group>"; };
		ED8C29541C04466F00778A08 /* Record.m */ = {isa = PBXFileReference; fileEncoding = 4; lastKnownFileType = sourcecode.c.objc; path = Record.m; sourceTree = "<group>"; };
		ED8C29561C0446F200778A08 /* Groups.h */ = {isa = PBXFileReference; fileEncoding = 4; lastKnownFileType = sourcecode.c.h; path = Groups.h; sourceTree = "<group>"; };
		ED8C29571C0446F200778A08 /* Groups.m */ = {isa = PBXFileReference; fileEncoding = 4; lastKnownFileType = sourcecode.c.objc; path = Groups.m; sourceTree = "<group>"; };
		ED8C29591C044F7300778A08 /* DBData.h */ = {isa = PBXFileReference; fileEncoding = 4; lastKnownFileType = sourcecode.c.h; path = DBData.h; sourceTree = "<group>"; };
		ED8C295A1C044F7300778A08 /* DBData.m */ = {isa = PBXFileReference; fileEncoding = 4; lastKnownFileType = sourcecode.c.objc; path = DBData.m; sourceTree = "<group>"; };
		EDB95CCB1C06DF1A00B80FB5 /* IDMap.h */ = {isa = PBXFileReference; fileEncoding = 4; lastKnownFileType = sourcecode.c.h; path = IDMap.h; sourceTree = "<group>"; };
		EDB95CCC1C06DF1A00B80FB5 /* IDMap.m */ = {isa = PBXFileReference; fileEncoding = 4; lastKnownFileType = sourcecode.c.objc; path = IDMap.m; sourceTree = "<group>"; };
<<<<<<< HEAD
		EDD1F50E1C1D035800332237 /* ZArray.c */ = {isa = PBXFileReference; fileEncoding = 4; lastKnownFileType = sourcecode.c.c; path = ZArray.c; sourceTree = "<group>"; };
		EDD1F50F1C1D035800332237 /* ZArray.h */ = {isa = PBXFileReference; fileEncoding = 4; lastKnownFileType = sourcecode.c.h; path = ZArray.h; sourceTree = "<group>"; };
		EDD214D61C1BBC3F00F82F52 /* ZMap.c */ = {isa = PBXFileReference; fileEncoding = 4; lastKnownFileType = sourcecode.c.c; path = ZMap.c; sourceTree = "<group>"; };
		EDD214D71C1BBC3F00F82F52 /* ZMap.h */ = {isa = PBXFileReference; fileEncoding = 4; lastKnownFileType = sourcecode.c.h; path = ZMap.h; sourceTree = "<group>"; };
=======
>>>>>>> 93111ae4fd540c7e13021592a0586d930243a041
/* End PBXFileReference section */

/* Begin PBXFrameworksBuildPhase section */
		ED4AA2171BA918050067350F /* Frameworks */ = {
			isa = PBXFrameworksBuildPhase;
			buildActionMask = 2147483647;
			files = (
			);
			runOnlyForDeploymentPostprocessing = 0;
		};
/* End PBXFrameworksBuildPhase section */

/* Begin PBXGroup section */
		ED4AA2111BA918050067350F = {
			isa = PBXGroup;
			children = (
				ED4AA21C1BA918050067350F /* oc_demo */,
				ED4AA21B1BA918050067350F /* Products */,
			);
			sourceTree = "<group>";
		};
		ED4AA21B1BA918050067350F /* Products */ = {
			isa = PBXGroup;
			children = (
				ED4AA21A1BA918050067350F /* oc_demo */,
			);
			name = Products;
			sourceTree = "<group>";
		};
		ED4AA21C1BA918050067350F /* oc_demo */ = {
			isa = PBXGroup;
			children = (
<<<<<<< HEAD
=======
				ED0079551C0EF08900B87D99 /* SimpleClientSocket.h */,
				ED0079561C0EF08900B87D99 /* SimpleClientSocket.m */,
				ED0079571C0EF08900B87D99 /* SimpleServerSocket.h */,
				ED0079581C0EF08900B87D99 /* SimpleServerSocket.m */,
>>>>>>> 93111ae4fd540c7e13021592a0586d930243a041
				ED4AA21D1BA918050067350F /* main.m */,
				ED4AA2241BA918670067350F /* Baby.h */,
				ED4AA2251BA918670067350F /* Baby.m */,
				ED4AA2271BA918B10067350F /* BabyBaomuXieyi.h */,
				ED4AA22A1BA918C90067350F /* Nurse.h */,
				ED4AA22B1BA918C90067350F /* Nurse.m */,
				ED4AA22D1BA918E70067350F /* Dog.h */,
				ED4AA22E1BA918E70067350F /* Dog.m */,
				ED4AA2281BA918B10067350F /* BabyBaomuXieyi.m */,
				ED8C29531C04466F00778A08 /* Record.h */,
				ED8C29541C04466F00778A08 /* Record.m */,
				ED8C29561C0446F200778A08 /* Groups.h */,
				ED8C29571C0446F200778A08 /* Groups.m */,
				EDB95CCB1C06DF1A00B80FB5 /* IDMap.h */,
				EDB95CCC1C06DF1A00B80FB5 /* IDMap.m */,
				ED8C29591C044F7300778A08 /* DBData.h */,
				ED8C295A1C044F7300778A08 /* DBData.m */,
				ED0078F81C07E99D00B87D99 /* test.h */,
				ED0078F91C07E99D00B87D99 /* test.m */,
				ED0079461C0D976D00B87D99 /* SimpleFileHandle.h */,
				ED0079471C0D976D00B87D99 /* SimpleFileHandle.m */,
				ED0079491C0D9FE200B87D99 /* FH.h */,
				ED00794A1C0D9FE200B87D99 /* FH.m */,
				ED00795B1C0FE81800B87D99 /* SimpleHttpRequest.h */,
				ED00795C1C0FE81800B87D99 /* SimpleHttpRequest.m */,
				ED0079751C11314E00B87D99 /* mmap_test.c */,
				ED0079761C11314E00B87D99 /* mmap_test.h */,
				ED00797E1C151BB000B87D99 /* ZHash.c */,
				ED00797F1C151BB000B87D99 /* ZHash.h */,
				ED0079811C1522E600B87D99 /* ZTime.c */,
				ED0079821C1522E600B87D99 /* ZTime.h */,
				ED0079841C15266700B87D99 /* ZDict.c */,
				ED0079851C15266700B87D99 /* ZDict.h */,
				ED0079871C15292D00B87D99 /* ZJson.c */,
				ED0079881C15292D00B87D99 /* ZJson.h */,
				ED00798A1C167DE000B87D99 /* CString.c */,
				ED00798B1C167DE000B87D99 /* CString.h */,
				ED0079991C1819E400B87D99 /* ZHttpServer.c */,
				ED00799A1C1819E400B87D99 /* ZHttpServer.h */,
				ED00799C1C18280A00B87D99 /* ZThread.c */,
				ED00799D1C18280A00B87D99 /* ZThread.h */,
				ED0079A51C1AA66500B87D99 /* hashmap.c */,
				ED0079A61C1AA66500B87D99 /* hashmap.h */,
<<<<<<< HEAD
				EDD214D61C1BBC3F00F82F52 /* ZMap.c */,
				EDD214D71C1BBC3F00F82F52 /* ZMap.h */,
				EDD1F50E1C1D035800332237 /* ZArray.c */,
				EDD1F50F1C1D035800332237 /* ZArray.h */,
=======
>>>>>>> 93111ae4fd540c7e13021592a0586d930243a041
			);
			path = oc_demo;
			sourceTree = "<group>";
		};
/* End PBXGroup section */

/* Begin PBXNativeTarget section */
		ED4AA2191BA918050067350F /* oc_demo */ = {
			isa = PBXNativeTarget;
			buildConfigurationList = ED4AA2211BA918050067350F /* Build configuration list for PBXNativeTarget "oc_demo" */;
			buildPhases = (
				ED4AA2161BA918050067350F /* Sources */,
				ED4AA2171BA918050067350F /* Frameworks */,
				ED4AA2181BA918050067350F /* CopyFiles */,
			);
			buildRules = (
			);
			dependencies = (
			);
			name = oc_demo;
			productName = oc_demo;
			productReference = ED4AA21A1BA918050067350F /* oc_demo */;
			productType = "com.apple.product-type.tool";
		};
/* End PBXNativeTarget section */

/* Begin PBXProject section */
		ED4AA2121BA918050067350F /* Project object */ = {
			isa = PBXProject;
			attributes = {
				LastUpgradeCheck = 0640;
				ORGANIZATIONNAME = zhangxinwei;
				TargetAttributes = {
					ED4AA2191BA918050067350F = {
						CreatedOnToolsVersion = 6.4;
					};
				};
			};
			buildConfigurationList = ED4AA2151BA918050067350F /* Build configuration list for PBXProject "oc_demo" */;
			compatibilityVersion = "Xcode 3.2";
			developmentRegion = English;
			hasScannedForEncodings = 0;
			knownRegions = (
				en,
			);
			mainGroup = ED4AA2111BA918050067350F;
			productRefGroup = ED4AA21B1BA918050067350F /* Products */;
			projectDirPath = "";
			projectRoot = "";
			targets = (
				ED4AA2191BA918050067350F /* oc_demo */,
			);
		};
/* End PBXProject section */

/* Begin PBXSourcesBuildPhase section */
		ED4AA2161BA918050067350F /* Sources */ = {
			isa = PBXSourcesBuildPhase;
			buildActionMask = 2147483647;
			files = (
<<<<<<< HEAD
=======
				ED0079591C0EF08900B87D99 /* SimpleClientSocket.m in Sources */,
>>>>>>> 93111ae4fd540c7e13021592a0586d930243a041
				ED4AA2291BA918B10067350F /* BabyBaomuXieyi.m in Sources */,
				ED0079861C15266700B87D99 /* ZDict.c in Sources */,
				ED00794B1C0D9FE200B87D99 /* FH.m in Sources */,
				ED00795D1C0FE81800B87D99 /* SimpleHttpRequest.m in Sources */,
<<<<<<< HEAD
				EDD214D81C1BBC3F00F82F52 /* ZMap.c in Sources */,
=======
>>>>>>> 93111ae4fd540c7e13021592a0586d930243a041
				ED4AA21E1BA918050067350F /* main.m in Sources */,
				ED8C29581C0446F200778A08 /* Groups.m in Sources */,
				ED0079771C11314E00B87D99 /* mmap_test.c in Sources */,
				ED0079891C15292D00B87D99 /* ZJson.c in Sources */,
				EDB95CCD1C06DF1A00B80FB5 /* IDMap.m in Sources */,
				ED8C295B1C044F7300778A08 /* DBData.m in Sources */,
				ED00798C1C167DE000B87D99 /* CString.c in Sources */,
				ED0079831C1522E600B87D99 /* ZTime.c in Sources */,
				ED0078FA1C07E99D00B87D99 /* test.m in Sources */,
				ED0079481C0D976D00B87D99 /* SimpleFileHandle.m in Sources */,
<<<<<<< HEAD
				ED4AA22F1BA918E70067350F /* Dog.m in Sources */,
				ED00799B1C1819E400B87D99 /* ZHttpServer.c in Sources */,
				ED4AA2261BA918670067350F /* Baby.m in Sources */,
				EDD1F5101C1D035800332237 /* ZArray.c in Sources */,
=======
				ED00795A1C0EF08900B87D99 /* SimpleServerSocket.m in Sources */,
				ED4AA22F1BA918E70067350F /* Dog.m in Sources */,
				ED00799B1C1819E400B87D99 /* ZHttpServer.c in Sources */,
				ED4AA2261BA918670067350F /* Baby.m in Sources */,
>>>>>>> 93111ae4fd540c7e13021592a0586d930243a041
				ED0079801C151BB000B87D99 /* ZHash.c in Sources */,
				ED0079A71C1AA66500B87D99 /* hashmap.c in Sources */,
				ED00799E1C18280A00B87D99 /* ZThread.c in Sources */,
				ED8C29551C04466F00778A08 /* Record.m in Sources */,
				ED4AA22C1BA918C90067350F /* Nurse.m in Sources */,
			);
			runOnlyForDeploymentPostprocessing = 0;
		};
/* End PBXSourcesBuildPhase section */

/* Begin XCBuildConfiguration section */
		ED4AA21F1BA918050067350F /* Debug */ = {
			isa = XCBuildConfiguration;
			buildSettings = {
				ALWAYS_SEARCH_USER_PATHS = NO;
				CLANG_CXX_LANGUAGE_STANDARD = "gnu++0x";
				CLANG_CXX_LIBRARY = "libc++";
				CLANG_ENABLE_MODULES = YES;
				CLANG_ENABLE_OBJC_ARC = YES;
				CLANG_WARN_BOOL_CONVERSION = YES;
				CLANG_WARN_CONSTANT_CONVERSION = YES;
				CLANG_WARN_DIRECT_OBJC_ISA_USAGE = YES_ERROR;
				CLANG_WARN_EMPTY_BODY = YES;
				CLANG_WARN_ENUM_CONVERSION = YES;
				CLANG_WARN_INT_CONVERSION = YES;
				CLANG_WARN_OBJC_ROOT_CLASS = YES_ERROR;
				CLANG_WARN_UNREACHABLE_CODE = YES;
				CLANG_WARN__DUPLICATE_METHOD_MATCH = YES;
				COPY_PHASE_STRIP = NO;
				DEBUG_INFORMATION_FORMAT = dwarf;
				ENABLE_STRICT_OBJC_MSGSEND = YES;
				GCC_C_LANGUAGE_STANDARD = gnu99;
				GCC_DYNAMIC_NO_PIC = NO;
				GCC_NO_COMMON_BLOCKS = YES;
				GCC_OPTIMIZATION_LEVEL = 0;
				GCC_PREPROCESSOR_DEFINITIONS = (
					"DEBUG=1",
					"$(inherited)",
				);
				GCC_SYMBOLS_PRIVATE_EXTERN = NO;
				GCC_WARN_64_TO_32_BIT_CONVERSION = YES;
				GCC_WARN_ABOUT_RETURN_TYPE = YES_ERROR;
				GCC_WARN_UNDECLARED_SELECTOR = YES;
				GCC_WARN_UNINITIALIZED_AUTOS = YES_AGGRESSIVE;
				GCC_WARN_UNUSED_FUNCTION = YES;
				GCC_WARN_UNUSED_VARIABLE = YES;
				MACOSX_DEPLOYMENT_TARGET = 10.10;
				MTL_ENABLE_DEBUG_INFO = YES;
				ONLY_ACTIVE_ARCH = YES;
				SDKROOT = macosx;
			};
			name = Debug;
		};
		ED4AA2201BA918050067350F /* Release */ = {
			isa = XCBuildConfiguration;
			buildSettings = {
				ALWAYS_SEARCH_USER_PATHS = NO;
				CLANG_CXX_LANGUAGE_STANDARD = "gnu++0x";
				CLANG_CXX_LIBRARY = "libc++";
				CLANG_ENABLE_MODULES = YES;
				CLANG_ENABLE_OBJC_ARC = YES;
				CLANG_WARN_BOOL_CONVERSION = YES;
				CLANG_WARN_CONSTANT_CONVERSION = YES;
				CLANG_WARN_DIRECT_OBJC_ISA_USAGE = YES_ERROR;
				CLANG_WARN_EMPTY_BODY = YES;
				CLANG_WARN_ENUM_CONVERSION = YES;
				CLANG_WARN_INT_CONVERSION = YES;
				CLANG_WARN_OBJC_ROOT_CLASS = YES_ERROR;
				CLANG_WARN_UNREACHABLE_CODE = YES;
				CLANG_WARN__DUPLICATE_METHOD_MATCH = YES;
				COPY_PHASE_STRIP = NO;
				DEBUG_INFORMATION_FORMAT = "dwarf-with-dsym";
				ENABLE_NS_ASSERTIONS = NO;
				ENABLE_STRICT_OBJC_MSGSEND = YES;
				GCC_C_LANGUAGE_STANDARD = gnu99;
				GCC_NO_COMMON_BLOCKS = YES;
				GCC_WARN_64_TO_32_BIT_CONVERSION = YES;
				GCC_WARN_ABOUT_RETURN_TYPE = YES_ERROR;
				GCC_WARN_UNDECLARED_SELECTOR = YES;
				GCC_WARN_UNINITIALIZED_AUTOS = YES_AGGRESSIVE;
				GCC_WARN_UNUSED_FUNCTION = YES;
				GCC_WARN_UNUSED_VARIABLE = YES;
				MACOSX_DEPLOYMENT_TARGET = 10.10;
				MTL_ENABLE_DEBUG_INFO = NO;
				SDKROOT = macosx;
			};
			name = Release;
		};
		ED4AA2221BA918050067350F /* Debug */ = {
			isa = XCBuildConfiguration;
			buildSettings = {
				PRODUCT_NAME = "$(TARGET_NAME)";
			};
			name = Debug;
		};
		ED4AA2231BA918050067350F /* Release */ = {
			isa = XCBuildConfiguration;
			buildSettings = {
				PRODUCT_NAME = "$(TARGET_NAME)";
			};
			name = Release;
		};
/* End XCBuildConfiguration section */

/* Begin XCConfigurationList section */
		ED4AA2151BA918050067350F /* Build configuration list for PBXProject "oc_demo" */ = {
			isa = XCConfigurationList;
			buildConfigurations = (
				ED4AA21F1BA918050067350F /* Debug */,
				ED4AA2201BA918050067350F /* Release */,
			);
			defaultConfigurationIsVisible = 0;
			defaultConfigurationName = Release;
		};
		ED4AA2211BA918050067350F /* Build configuration list for PBXNativeTarget "oc_demo" */ = {
			isa = XCConfigurationList;
			buildConfigurations = (
				ED4AA2221BA918050067350F /* Debug */,
				ED4AA2231BA918050067350F /* Release */,
			);
			defaultConfigurationIsVisible = 0;
			defaultConfigurationName = Release;
		};
/* End XCConfigurationList section */
	};
	rootObject = ED4AA2121BA918050067350F /* Project object */;
}
